
Microsoft Visual Studio Solution File, Format Version 12.00
# Visual Studio Version 17
VisualStudioVersion = 17.5.002.0
MinimumVisualStudioVersion = 10.0.40219.1
Project("{9A19103F-16F7-4668-BE54-9A1E7A4F7556}") = "Questao1", "Questao1.csproj", "{6EA62C2A-535D-4AD8-B837-D3A0454D0AD7}"
EndProject
Global
	GlobalSection(SolutionConfigurationPlatforms) = preSolution
		Debug|Any CPU = Debug|Any CPU
		Release|Any CPU = Release|Any CPU
	EndGlobalSection
	GlobalSection(ProjectConfigurationPlatforms) = postSolution
		{6EA62C2A-535D-4AD8-B837-D3A0454D0AD7}.Debug|Any CPU.ActiveCfg = Debug|Any CPU
		{6EA62C2A-535D-4AD8-B837-D3A0454D0AD7}.Debug|Any CPU.Build.0 = Debug|Any CPU
		{6EA62C2A-535D-4AD8-B837-D3A0454D0AD7}.Release|Any CPU.ActiveCfg = Release|Any CPU
		{6EA62C2A-535D-4AD8-B837-D3A0454D0AD7}.Release|Any CPU.Build.0 = Release|Any CPU
	EndGlobalSection
	GlobalSection(SolutionProperties) = preSolution
		HideSolutionNode = FALSE
	EndGlobalSection
	GlobalSection(ExtensibilityGlobals) = postSolution
		SolutionGuid = {536A7A98-9C5B-4773-8D16-2E3E0AB57D0C}
	EndGlobalSection
EndGlobal
